
Microsoft Visual Studio Solution File, Format Version 12.00
# Visual Studio Version 17
VisualStudioVersion = 17.7.34031.279
MinimumVisualStudioVersion = 10.0.40219.1
Project("{FAE04EC0-301F-11D3-BF4B-00C04F79EFBC}") = "DebuggingGame", "DebuggingGame\DebuggingGame.csproj", "{106C4348-343D-4ECC-8920-E95EDF5EB4DA}"
EndProject
Project("{FAE04EC0-301F-11D3-BF4B-00C04F79EFBC}") = "DebuggingGameV2", "DebuggingGame-V2\DebuggingGameV2.csproj", "{ECB67283-C25C-4562-A12B-3F7C423DEBE5}"
EndProject
Global
	GlobalSection(SolutionConfigurationPlatforms) = preSolution
		Debug|Any CPU = Debug|Any CPU
		Release|Any CPU = Release|Any CPU
	EndGlobalSection
	GlobalSection(ProjectConfigurationPlatforms) = postSolution
		{106C4348-343D-4ECC-8920-E95EDF5EB4DA}.Debug|Any CPU.ActiveCfg = Debug|Any CPU
		{106C4348-343D-4ECC-8920-E95EDF5EB4DA}.Debug|Any CPU.Build.0 = Debug|Any CPU
		{106C4348-343D-4ECC-8920-E95EDF5EB4DA}.Release|Any CPU.ActiveCfg = Release|Any CPU
		{106C4348-343D-4ECC-8920-E95EDF5EB4DA}.Release|Any CPU.Build.0 = Release|Any CPU
		{ECB67283-C25C-4562-A12B-3F7C423DEBE5}.Debug|Any CPU.ActiveCfg = Debug|Any CPU
		{ECB67283-C25C-4562-A12B-3F7C423DEBE5}.Debug|Any CPU.Build.0 = Debug|Any CPU
		{ECB67283-C25C-4562-A12B-3F7C423DEBE5}.Release|Any CPU.ActiveCfg = Release|Any CPU
		{ECB67283-C25C-4562-A12B-3F7C423DEBE5}.Release|Any CPU.Build.0 = Release|Any CPU
	EndGlobalSection
	GlobalSection(SolutionProperties) = preSolution
		HideSolutionNode = FALSE
	EndGlobalSection
	GlobalSection(ExtensibilityGlobals) = postSolution
		SolutionGuid = {2582DC97-03BD-4B67-BECB-B0B5EE8DF820}
	EndGlobalSection
EndGlobal
